Microsoft Visual Studio Solution File, Format Version 12.00
# Visual Studio Version 17
VisualStudioVersion = 17.5.2.0
MinimumVisualStudioVersion = 10.0.40219.1
Project("{FAE04EC0-301F-11D3-BF4B-00C04F79EFBC}") = "Makeownmethods", "Makeownmethods.csproj", "{19B3D476-E296-7327-A6E3-096DB80FAF58}"
EndProject
Global
	GlobalSection(SolutionConfigurationPlatforms) = preSolution
		Debug|Any CPU = Debug|Any CPU
		Release|Any CPU = Release|Any CPU
	EndGlobalSection
	GlobalSection(ProjectConfigurationPlatforms) = postSolution
		{19B3D476-E296-7327-A6E3-096DB80FAF58}.Debug|Any CPU.ActiveCfg = Debug|Any CPU
		{19B3D476-E296-7327-A6E3-096DB80FAF58}.Debug|Any CPU.Build.0 = Debug|Any CPU
		{19B3D476-E296-7327-A6E3-096DB80FAF58}.Release|Any CPU.ActiveCfg = Release|Any CPU
		{19B3D476-E296-7327-A6E3-096DB80FAF58}.Release|Any CPU.Build.0 = Release|Any CPU
	EndGlobalSection
	GlobalSection(SolutionProperties) = preSolution
		HideSolutionNode = FALSE
	EndGlobalSection
	GlobalSection(ExtensibilityGlobals) = postSolution
		SolutionGuid = {D0C8D929-AA12-48C9-95AD-95B9A404FCE4}
	EndGlobalSection
EndGlobal
